<Solution>
  <Folder Name="/src/">
    <Project Path="src/Kernel.Core/Kernel.Core.csproj" />
    <Project Path="src/Kernel.Graph.Cli/Kernel.Graph.Cli.csproj" />
    <Project Path="src/Kernel.Graph.Core/Kernel.Graph.Core.csproj" />
    <Project Path="src/Kernel.Host/Kernel.Host.csproj" />
    <Project Path="src/Kernel.Cli/Kernel.Cli.csproj" />
  </Folder>
  <Folder Name="/tests/">
    <Project Path="tests/Kernel.Conformance/Kernel.Conformance.csproj" />
    <Project Path="tests/Kernel.Graph.Conformance/Kernel.Graph.Conformance.csproj" />
  </Folder>
</Solution>
